
Microsoft Visual Studio Solution File, Format Version 12.00
# Visual Studio 15
VisualStudioVersion = 15.0.27004.2009
MinimumVisualStudioVersion = 10.0.40219.1
Project("{FAE04EC0-301F-11D3-BF4B-00C04F79EFBC}") = "test", "test\test.csproj", "{53936DCE-9660-4E6A-8A7C-78672C125379}"
EndProject
Global
	GlobalSection(SolutionConfigurationPlatforms) = preSolution
		Debug|Any CPU = Debug|Any CPU
		Release|Any CPU = Release|Any CPU
	EndGlobalSection
	GlobalSection(ProjectConfigurationPlatforms) = postSolution
		{53936DCE-9660-4E6A-8A7C-78672C125379}.Debug|Any CPU.ActiveCfg = Debug|Any CPU
		{53936DCE-9660-4E6A-8A7C-78672C125379}.Debug|Any CPU.Build.0 = Debug|Any CPU
		{53936DCE-9660-4E6A-8A7C-78672C125379}.Release|Any CPU.ActiveCfg = Release|Any CPU
		{53936DCE-9660-4E6A-8A7C-78672C125379}.Release|Any CPU.Build.0 = Release|Any CPU
	EndGlobalSection
	GlobalSection(SolutionProperties) = preSolution
		HideSolutionNode = FALSE
	EndGlobalSection
	GlobalSection(ExtensibilityGlobals) = postSolution
		SolutionGuid = {C3A2DFF7-0117-4EB3-A456-211558F433F9}
	EndGlobalSection
EndGlobal
