
Microsoft Visual Studio Solution File, Format Version 12.00
# Visual Studio 15
VisualStudioVersion = 15.0.27130.2010
MinimumVisualStudioVersion = 10.0.40219.1
Project("{FAE04EC0-301F-11D3-BF4B-00C04F79EFBC}") = "MoneFeWinForms", "MoneFeWinForms\MoneFeWinForms.csproj", "{B48177D7-24E3-4F1E-934F-DCEC3F6E37C6}"
EndProject
Global
	GlobalSection(SolutionConfigurationPlatforms) = preSolution
		Debug|Any CPU = Debug|Any CPU
		Release|Any CPU = Release|Any CPU
	EndGlobalSection
	GlobalSection(ProjectConfigurationPlatforms) = postSolution
		{B48177D7-24E3-4F1E-934F-DCEC3F6E37C6}.Debug|Any CPU.ActiveCfg = Debug|Any CPU
		{B48177D7-24E3-4F1E-934F-DCEC3F6E37C6}.Debug|Any CPU.Build.0 = Debug|Any CPU
		{B48177D7-24E3-4F1E-934F-DCEC3F6E37C6}.Release|Any CPU.ActiveCfg = Release|Any CPU
		{B48177D7-24E3-4F1E-934F-DCEC3F6E37C6}.Release|Any CPU.Build.0 = Release|Any CPU
	EndGlobalSection
	GlobalSection(SolutionProperties) = preSolution
		HideSolutionNode = FALSE
	EndGlobalSection
	GlobalSection(ExtensibilityGlobals) = postSolution
		SolutionGuid = {87ABA86A-D8F8-4C9A-BCAC-9E950AC95BCE}
	EndGlobalSection
EndGlobal
