
Microsoft Visual Studio Solution File, Format Version 12.00
# Visual Studio 15
VisualStudioVersion = 15.0.27130.2036
MinimumVisualStudioVersion = 10.0.40219.1
Project("{FAE04EC0-301F-11D3-BF4B-00C04F79EFBC}") = "WpfSqlTest", "WpfSqlTest\WpfSqlTest.csproj", "{DA26AEB2-7D87-41CC-B503-D50F28429E50}"
EndProject
Global
	GlobalSection(SolutionConfigurationPlatforms) = preSolution
		Debug|Any CPU = Debug|Any CPU
		Release|Any CPU = Release|Any CPU
	EndGlobalSection
	GlobalSection(ProjectConfigurationPlatforms) = postSolution
		{DA26AEB2-7D87-41CC-B503-D50F28429E50}.Debug|Any CPU.ActiveCfg = Debug|Any CPU
		{DA26AEB2-7D87-41CC-B503-D50F28429E50}.Debug|Any CPU.Build.0 = Debug|Any CPU
		{DA26AEB2-7D87-41CC-B503-D50F28429E50}.Release|Any CPU.ActiveCfg = Release|Any CPU
		{DA26AEB2-7D87-41CC-B503-D50F28429E50}.Release|Any CPU.Build.0 = Release|Any CPU
	EndGlobalSection
	GlobalSection(SolutionProperties) = preSolution
		HideSolutionNode = FALSE
	EndGlobalSection
	GlobalSection(ExtensibilityGlobals) = postSolution
		SolutionGuid = {A2C1B63B-4D4C-43D7-BFB5-12022183B994}
	EndGlobalSection
EndGlobal
