
Microsoft Visual Studio Solution File, Format Version 12.00
# Visual Studio 15
VisualStudioVersion = 15.0.27130.2036
MinimumVisualStudioVersion = 10.0.40219.1
Project("{FAE04EC0-301F-11D3-BF4B-00C04F79EFBC}") = "Pluginsapp", "Pluginsapp\Pluginsapp.csproj", "{5F324734-E119-490C-BFB0-7C5E19ECB823}"
EndProject
Project("{FAE04EC0-301F-11D3-BF4B-00C04F79EFBC}") = "WeatherPlugin", "WeatherPlugin\WeatherPlugin.csproj", "{90920FEC-4DB7-4A11-B6E4-B6A593F2CE54}"
EndProject
Project("{FAE04EC0-301F-11D3-BF4B-00C04F79EFBC}") = "PluginDLL", "AppDll\PluginDLL.csproj", "{EAC5CAAC-100C-4252-9B6C-847E7BDC8453}"
EndProject
Project("{FAE04EC0-301F-11D3-BF4B-00C04F79EFBC}") = "TranslatorPlugin", "TranslatorPlugin\TranslatorPlugin.csproj", "{87DAE648-61BE-416B-91F7-8F0BF6AD9828}"
EndProject
Global
	GlobalSection(SolutionConfigurationPlatforms) = preSolution
		Debug|Any CPU = Debug|Any CPU
		Release|Any CPU = Release|Any CPU
	EndGlobalSection
	GlobalSection(ProjectConfigurationPlatforms) = postSolution
		{5F324734-E119-490C-BFB0-7C5E19ECB823}.Debug|Any CPU.ActiveCfg = Debug|Any CPU
		{5F324734-E119-490C-BFB0-7C5E19ECB823}.Debug|Any CPU.Build.0 = Debug|Any CPU
		{5F324734-E119-490C-BFB0-7C5E19ECB823}.Release|Any CPU.ActiveCfg = Release|Any CPU
		{5F324734-E119-490C-BFB0-7C5E19ECB823}.Release|Any CPU.Build.0 = Release|Any CPU
		{90920FEC-4DB7-4A11-B6E4-B6A593F2CE54}.Debug|Any CPU.ActiveCfg = Debug|Any CPU
		{90920FEC-4DB7-4A11-B6E4-B6A593F2CE54}.Debug|Any CPU.Build.0 = Debug|Any CPU
		{90920FEC-4DB7-4A11-B6E4-B6A593F2CE54}.Release|Any CPU.ActiveCfg = Release|Any CPU
		{90920FEC-4DB7-4A11-B6E4-B6A593F2CE54}.Release|Any CPU.Build.0 = Release|Any CPU
		{EAC5CAAC-100C-4252-9B6C-847E7BDC8453}.Debug|Any CPU.ActiveCfg = Debug|Any CPU
		{EAC5CAAC-100C-4252-9B6C-847E7BDC8453}.Debug|Any CPU.Build.0 = Debug|Any CPU
		{EAC5CAAC-100C-4252-9B6C-847E7BDC8453}.Release|Any CPU.ActiveCfg = Release|Any CPU
		{EAC5CAAC-100C-4252-9B6C-847E7BDC8453}.Release|Any CPU.Build.0 = Release|Any CPU
		{87DAE648-61BE-416B-91F7-8F0BF6AD9828}.Debug|Any CPU.ActiveCfg = Debug|Any CPU
		{87DAE648-61BE-416B-91F7-8F0BF6AD9828}.Debug|Any CPU.Build.0 = Debug|Any CPU
		{87DAE648-61BE-416B-91F7-8F0BF6AD9828}.Release|Any CPU.ActiveCfg = Release|Any CPU
		{87DAE648-61BE-416B-91F7-8F0BF6AD9828}.Release|Any CPU.Build.0 = Release|Any CPU
	EndGlobalSection
	GlobalSection(SolutionProperties) = preSolution
		HideSolutionNode = FALSE
	EndGlobalSection
	GlobalSection(ExtensibilityGlobals) = postSolution
		SolutionGuid = {17EB14BD-B37D-4E68-885E-5A0C525C2AAF}
	EndGlobalSection
EndGlobal
