
Microsoft Visual Studio Solution File, Format Version 12.00
# Visual Studio 15
VisualStudioVersion = 15.0.27130.2010
MinimumVisualStudioVersion = 10.0.40219.1
Project("{FAE04EC0-301F-11D3-BF4B-00C04F79EFBC}") = "MovieStore", "MovieStore\MovieStore.csproj", "{D1BA7A82-DA0E-4D84-9337-FF33AB70B995}"
EndProject
Global
	GlobalSection(SolutionConfigurationPlatforms) = preSolution
		Debug|Any CPU = Debug|Any CPU
		Release|Any CPU = Release|Any CPU
	EndGlobalSection
	GlobalSection(ProjectConfigurationPlatforms) = postSolution
		{D1BA7A82-DA0E-4D84-9337-FF33AB70B995}.Debug|Any CPU.ActiveCfg = Debug|Any CPU
		{D1BA7A82-DA0E-4D84-9337-FF33AB70B995}.Debug|Any CPU.Build.0 = Debug|Any CPU
		{D1BA7A82-DA0E-4D84-9337-FF33AB70B995}.Release|Any CPU.ActiveCfg = Release|Any CPU
		{D1BA7A82-DA0E-4D84-9337-FF33AB70B995}.Release|Any CPU.Build.0 = Release|Any CPU
	EndGlobalSection
	GlobalSection(SolutionProperties) = preSolution
		HideSolutionNode = FALSE
	EndGlobalSection
	GlobalSection(ExtensibilityGlobals) = postSolution
		SolutionGuid = {7A86DFBC-3503-4434-BE8E-AD26CC5607FD}
	EndGlobalSection
EndGlobal
